{
  "name": "js_tutorial",
  "lockfileVersion": 3,
  "requires": true,
  "packages": {
    "": {
      "dependencies": {
        "ryata": "^0.1.2"
      }
    },
    "node_modules/ryata": {
      "version": "0.1.2",
      "resolved": "https://registry.npmjs.org/ryata/-/ryata-0.1.2.tgz",
      "integrity": "sha512-RKYgGPRNGSOIXQD/sko7vaqmO6CENzJT/J9uoijrfZRMR6KVLI3xiKQZR+d52pxkurijcg1iBp3qaHeSdXxl5g==",
      "license": "ISC"
    }
  }
}
