{
  "name": "js_tutorial",
  "lockfileVersion": 3,
  "requires": true,
  "packages": {
    "": {
      "dependencies": {
        "ryata": "^0.1.1"
      }
    },
    "node_modules/ryata": {
      "version": "0.1.1",
      "resolved": "https://registry.npmjs.org/ryata/-/ryata-0.1.1.tgz",
      "integrity": "sha512-zxXRxZZQrdD4EFsulfD1Vf3ARnXefoaLNvELZ2GL7CVI2a/rK/lS9+JNR3qFl5pqvItcVGRk/5ojCQ/ptKGWbA==",
      "license": "ISC"
    }
  }
}
